
Microsoft Visual Studio Solution File, Format Version 12.00
# Visual Studio 2012
Project("{FAE04EC0-301F-11D3-BF4B-00C04F79EFBC}") = "Northwind.Wcf", "Northwind.Wcf\Northwind.Wcf.csproj", "{0257F1FC-1ED4-4445-BDE8-5AA0C26C721C}"
EndProject
Project("{FAE04EC0-301F-11D3-BF4B-00C04F79EFBC}") = "Northwind.SqlDataAccess", "Northwind.SqlDataAccess\Northwind.SqlDataAccess.csproj", "{0123A627-C5AE-4C22-8BF5-D7A9D56C97AA}"
EndProject
Project("{FAE04EC0-301F-11D3-BF4B-00C04F79EFBC}") = "Northwind.Mvc", "Northwind.Mvc\Northwind.Mvc.csproj", "{B2927238-CBDF-4B84-8967-4939A4CC9F18}"
EndProject
Project("{FAE04EC0-301F-11D3-BF4B-00C04F79EFBC}") = "Northwind.Wpf", "Northwind.Wpf\Northwind.Wpf.csproj", "{2BF681BA-97D4-4BBF-94A3-1F73319D9AC9}"
EndProject
Project("{FAE04EC0-301F-11D3-BF4B-00C04F79EFBC}") = "Notrthwind.Winforms", "Notrthwind.Winforms\Notrthwind.Winforms.csproj", "{D2AABAF9-C68A-405A-B9EC-851D06205A9C}"
EndProject
Project("{FAE04EC0-301F-11D3-BF4B-00C04F79EFBC}") = "Northwind.Webforms", "Northwind.Webforms\Northwind.Webforms.csproj", "{87586A90-813C-4320-8B01-08C444F8D3C9}"
EndProject
Project("{FAE04EC0-301F-11D3-BF4B-00C04F79EFBC}") = "Northwind.Core", "Northwind.Core\Northwind.Core.csproj", "{CFFEB92B-14D8-4A27-B6C1-C307E6094102}"
EndProject
Global
	GlobalSection(SolutionConfigurationPlatforms) = preSolution
		Debug|Any CPU = Debug|Any CPU
		Release|Any CPU = Release|Any CPU
	EndGlobalSection
	GlobalSection(ProjectConfigurationPlatforms) = postSolution
		{0257F1FC-1ED4-4445-BDE8-5AA0C26C721C}.Debug|Any CPU.ActiveCfg = Debug|Any CPU
		{0257F1FC-1ED4-4445-BDE8-5AA0C26C721C}.Debug|Any CPU.Build.0 = Debug|Any CPU
		{0257F1FC-1ED4-4445-BDE8-5AA0C26C721C}.Release|Any CPU.ActiveCfg = Release|Any CPU
		{0257F1FC-1ED4-4445-BDE8-5AA0C26C721C}.Release|Any CPU.Build.0 = Release|Any CPU
		{0123A627-C5AE-4C22-8BF5-D7A9D56C97AA}.Debug|Any CPU.ActiveCfg = Debug|Any CPU
		{0123A627-C5AE-4C22-8BF5-D7A9D56C97AA}.Debug|Any CPU.Build.0 = Debug|Any CPU
		{0123A627-C5AE-4C22-8BF5-D7A9D56C97AA}.Release|Any CPU.ActiveCfg = Release|Any CPU
		{0123A627-C5AE-4C22-8BF5-D7A9D56C97AA}.Release|Any CPU.Build.0 = Release|Any CPU
		{B2927238-CBDF-4B84-8967-4939A4CC9F18}.Debug|Any CPU.ActiveCfg = Debug|Any CPU
		{B2927238-CBDF-4B84-8967-4939A4CC9F18}.Debug|Any CPU.Build.0 = Debug|Any CPU
		{B2927238-CBDF-4B84-8967-4939A4CC9F18}.Release|Any CPU.ActiveCfg = Release|Any CPU
		{B2927238-CBDF-4B84-8967-4939A4CC9F18}.Release|Any CPU.Build.0 = Release|Any CPU
		{2BF681BA-97D4-4BBF-94A3-1F73319D9AC9}.Debug|Any CPU.ActiveCfg = Debug|Any CPU
		{2BF681BA-97D4-4BBF-94A3-1F73319D9AC9}.Debug|Any CPU.Build.0 = Debug|Any CPU
		{2BF681BA-97D4-4BBF-94A3-1F73319D9AC9}.Release|Any CPU.ActiveCfg = Release|Any CPU
		{2BF681BA-97D4-4BBF-94A3-1F73319D9AC9}.Release|Any CPU.Build.0 = Release|Any CPU
		{D2AABAF9-C68A-405A-B9EC-851D06205A9C}.Debug|Any CPU.ActiveCfg = Debug|Any CPU
		{D2AABAF9-C68A-405A-B9EC-851D06205A9C}.Debug|Any CPU.Build.0 = Debug|Any CPU
		{D2AABAF9-C68A-405A-B9EC-851D06205A9C}.Release|Any CPU.ActiveCfg = Release|Any CPU
		{D2AABAF9-C68A-405A-B9EC-851D06205A9C}.Release|Any CPU.Build.0 = Release|Any CPU
		{87586A90-813C-4320-8B01-08C444F8D3C9}.Debug|Any CPU.ActiveCfg = Debug|Any CPU
		{87586A90-813C-4320-8B01-08C444F8D3C9}.Debug|Any CPU.Build.0 = Debug|Any CPU
		{87586A90-813C-4320-8B01-08C444F8D3C9}.Release|Any CPU.ActiveCfg = Release|Any CPU
		{87586A90-813C-4320-8B01-08C444F8D3C9}.Release|Any CPU.Build.0 = Release|Any CPU
		{CFFEB92B-14D8-4A27-B6C1-C307E6094102}.Debug|Any CPU.ActiveCfg = Debug|Any CPU
		{CFFEB92B-14D8-4A27-B6C1-C307E6094102}.Debug|Any CPU.Build.0 = Debug|Any CPU
		{CFFEB92B-14D8-4A27-B6C1-C307E6094102}.Release|Any CPU.ActiveCfg = Release|Any CPU
		{CFFEB92B-14D8-4A27-B6C1-C307E6094102}.Release|Any CPU.Build.0 = Release|Any CPU
	EndGlobalSection
	GlobalSection(SolutionProperties) = preSolution
		HideSolutionNode = FALSE
	EndGlobalSection
EndGlobal
