
Microsoft Visual Studio Solution File, Format Version 12.00
# Visual Studio 2012
Project("{FAE04EC0-301F-11D3-BF4B-00C04F79EFBC}") = "UIFactory.Core", "UIFactory.Core\UIFactory.Core.csproj", "{35F1F431-479B-4337-95E4-510F5715B4AA}"
EndProject
Project("{FAE04EC0-301F-11D3-BF4B-00C04F79EFBC}") = "UIFactory.Main", "UIFactory.Main\UIFactory.Main.csproj", "{463F8598-5D0B-4651-9A5E-F4B762CCFF58}"
EndProject
Project("{FAE04EC0-301F-11D3-BF4B-00C04F79EFBC}") = "UIFactory.Real", "UIFactory.Real\UIFactory.Real.csproj", "{B0733A47-69CB-446B-B73D-6BE63C0D7F0A}"
EndProject
Project("{FAE04EC0-301F-11D3-BF4B-00C04F79EFBC}") = "UIFactory.Faked", "UIFactory.Faked\UIFactory.Faked.csproj", "{C0A5BEF9-2B6D-45B7-A905-2FD20E4F548D}"
EndProject
Global
	GlobalSection(SolutionConfigurationPlatforms) = preSolution
		Debug|Any CPU = Debug|Any CPU
		Release|Any CPU = Release|Any CPU
	EndGlobalSection
	GlobalSection(ProjectConfigurationPlatforms) = postSolution
		{35F1F431-479B-4337-95E4-510F5715B4AA}.Debug|Any CPU.ActiveCfg = Debug|Any CPU
		{35F1F431-479B-4337-95E4-510F5715B4AA}.Debug|Any CPU.Build.0 = Debug|Any CPU
		{35F1F431-479B-4337-95E4-510F5715B4AA}.Release|Any CPU.ActiveCfg = Release|Any CPU
		{35F1F431-479B-4337-95E4-510F5715B4AA}.Release|Any CPU.Build.0 = Release|Any CPU
		{463F8598-5D0B-4651-9A5E-F4B762CCFF58}.Debug|Any CPU.ActiveCfg = Debug|Any CPU
		{463F8598-5D0B-4651-9A5E-F4B762CCFF58}.Debug|Any CPU.Build.0 = Debug|Any CPU
		{463F8598-5D0B-4651-9A5E-F4B762CCFF58}.Release|Any CPU.ActiveCfg = Release|Any CPU
		{463F8598-5D0B-4651-9A5E-F4B762CCFF58}.Release|Any CPU.Build.0 = Release|Any CPU
		{B0733A47-69CB-446B-B73D-6BE63C0D7F0A}.Debug|Any CPU.ActiveCfg = Debug|Any CPU
		{B0733A47-69CB-446B-B73D-6BE63C0D7F0A}.Debug|Any CPU.Build.0 = Debug|Any CPU
		{B0733A47-69CB-446B-B73D-6BE63C0D7F0A}.Release|Any CPU.ActiveCfg = Release|Any CPU
		{B0733A47-69CB-446B-B73D-6BE63C0D7F0A}.Release|Any CPU.Build.0 = Release|Any CPU
		{C0A5BEF9-2B6D-45B7-A905-2FD20E4F548D}.Debug|Any CPU.ActiveCfg = Debug|Any CPU
		{C0A5BEF9-2B6D-45B7-A905-2FD20E4F548D}.Debug|Any CPU.Build.0 = Debug|Any CPU
		{C0A5BEF9-2B6D-45B7-A905-2FD20E4F548D}.Release|Any CPU.ActiveCfg = Release|Any CPU
		{C0A5BEF9-2B6D-45B7-A905-2FD20E4F548D}.Release|Any CPU.Build.0 = Release|Any CPU
	EndGlobalSection
	GlobalSection(SolutionProperties) = preSolution
		HideSolutionNode = FALSE
	EndGlobalSection
EndGlobal
