
Microsoft Visual Studio Solution File, Format Version 12.00
# Visual Studio 2012
Project("{FAE04EC0-301F-11D3-BF4B-00C04F79EFBC}") = "ObjectScopes", "ObjectScopes\ObjectScopes.csproj", "{33873E62-27C7-4DFB-A22A-880F933BB950}"
EndProject
Project("{2150E333-8FDC-42A3-9474-1A3956D46DE8}") = ".nuget", ".nuget", "{CFDCDAED-826E-4F78-8455-0506AE3E2EAA}"
	ProjectSection(SolutionItems) = preProject
		.nuget\packages.config = .nuget\packages.config
	EndProjectSection
EndProject
Global
	GlobalSection(SolutionConfigurationPlatforms) = preSolution
		Debug|Any CPU = Debug|Any CPU
		Release|Any CPU = Release|Any CPU
	EndGlobalSection
	GlobalSection(ProjectConfigurationPlatforms) = postSolution
		{33873E62-27C7-4DFB-A22A-880F933BB950}.Debug|Any CPU.ActiveCfg = Debug|Any CPU
		{33873E62-27C7-4DFB-A22A-880F933BB950}.Debug|Any CPU.Build.0 = Debug|Any CPU
		{33873E62-27C7-4DFB-A22A-880F933BB950}.Release|Any CPU.ActiveCfg = Release|Any CPU
		{33873E62-27C7-4DFB-A22A-880F933BB950}.Release|Any CPU.Build.0 = Release|Any CPU
	EndGlobalSection
	GlobalSection(SolutionProperties) = preSolution
		HideSolutionNode = FALSE
	EndGlobalSection
EndGlobal
