
Microsoft Visual Studio Solution File, Format Version 12.00
# Visual Studio 2012
Project("{FAE04EC0-301F-11D3-BF4B-00C04F79EFBC}") = "Player.Core", "MusicPlayer\Player.Core.csproj", "{B8673DD5-DD26-4053-89C6-FEB0155964F5}"
EndProject
Project("{FAE04EC0-301F-11D3-BF4B-00C04F79EFBC}") = "Player.Console", "Player.Console\Player.Console.csproj", "{DEA1696B-5AD2-41A2-9056-AD192CEC6A39}"
EndProject
Global
	GlobalSection(SolutionConfigurationPlatforms) = preSolution
		Debug|Any CPU = Debug|Any CPU
		Release|Any CPU = Release|Any CPU
	EndGlobalSection
	GlobalSection(ProjectConfigurationPlatforms) = postSolution
		{B8673DD5-DD26-4053-89C6-FEB0155964F5}.Debug|Any CPU.ActiveCfg = Debug|Any CPU
		{B8673DD5-DD26-4053-89C6-FEB0155964F5}.Debug|Any CPU.Build.0 = Debug|Any CPU
		{B8673DD5-DD26-4053-89C6-FEB0155964F5}.Release|Any CPU.ActiveCfg = Release|Any CPU
		{B8673DD5-DD26-4053-89C6-FEB0155964F5}.Release|Any CPU.Build.0 = Release|Any CPU
		{DEA1696B-5AD2-41A2-9056-AD192CEC6A39}.Debug|Any CPU.ActiveCfg = Debug|Any CPU
		{DEA1696B-5AD2-41A2-9056-AD192CEC6A39}.Debug|Any CPU.Build.0 = Debug|Any CPU
		{DEA1696B-5AD2-41A2-9056-AD192CEC6A39}.Release|Any CPU.ActiveCfg = Release|Any CPU
		{DEA1696B-5AD2-41A2-9056-AD192CEC6A39}.Release|Any CPU.Build.0 = Release|Any CPU
	EndGlobalSection
	GlobalSection(SolutionProperties) = preSolution
		HideSolutionNode = FALSE
	EndGlobalSection
EndGlobal
