
Microsoft Visual Studio Solution File, Format Version 12.00
# Visual Studio 2012
Project("{FAE04EC0-301F-11D3-BF4B-00C04F79EFBC}") = "HelloNinject", "HelloNinject\HelloNinject.csproj", "{FD8E5D31-FC41-4CED-A46F-75B14F2CDEAF}"
EndProject
Global
	GlobalSection(SolutionConfigurationPlatforms) = preSolution
		Debug|Any CPU = Debug|Any CPU
		Release|Any CPU = Release|Any CPU
	EndGlobalSection
	GlobalSection(ProjectConfigurationPlatforms) = postSolution
		{FD8E5D31-FC41-4CED-A46F-75B14F2CDEAF}.Debug|Any CPU.ActiveCfg = Debug|Any CPU
		{FD8E5D31-FC41-4CED-A46F-75B14F2CDEAF}.Debug|Any CPU.Build.0 = Debug|Any CPU
		{FD8E5D31-FC41-4CED-A46F-75B14F2CDEAF}.Release|Any CPU.ActiveCfg = Release|Any CPU
		{FD8E5D31-FC41-4CED-A46F-75B14F2CDEAF}.Release|Any CPU.Build.0 = Release|Any CPU
	EndGlobalSection
	GlobalSection(SolutionProperties) = preSolution
		HideSolutionNode = FALSE
	EndGlobalSection
EndGlobal
