
Microsoft Visual Studio Solution File, Format Version 10.00
# Visual Studio 2008
Project("{FAE04EC0-301F-11D3-BF4B-00C04F79EFBC}") = "Sample.Freezable", "Sample.Freezable\Sample.Freezable.csproj", "{5582A7C8-6F60-4256-BD75-B3A5ABD1E7D5}"
EndProject
Global
	GlobalSection(SolutionConfigurationPlatforms) = preSolution
		Debug|Any CPU = Debug|Any CPU
		Release|Any CPU = Release|Any CPU
	EndGlobalSection
	GlobalSection(ProjectConfigurationPlatforms) = postSolution
		{5582A7C8-6F60-4256-BD75-B3A5ABD1E7D5}.Debug|Any CPU.ActiveCfg = Debug|Any CPU
		{5582A7C8-6F60-4256-BD75-B3A5ABD1E7D5}.Debug|Any CPU.Build.0 = Debug|Any CPU
		{5582A7C8-6F60-4256-BD75-B3A5ABD1E7D5}.Release|Any CPU.ActiveCfg = Release|Any CPU
		{5582A7C8-6F60-4256-BD75-B3A5ABD1E7D5}.Release|Any CPU.Build.0 = Release|Any CPU
	EndGlobalSection
	GlobalSection(SolutionProperties) = preSolution
		HideSolutionNode = FALSE
	EndGlobalSection
EndGlobal
