
Microsoft Visual Studio Solution File, Format Version 12.00
# Visual Studio 2012
Project("{FAE04EC0-301F-11D3-BF4B-00C04F79EFBC}") = "Samples.MailService", "Samples.MailService.csproj", "{620545C5-80C2-4070-872E-D33A1C4FA66B}"
EndProject
Global
	GlobalSection(SolutionConfigurationPlatforms) = preSolution
		Debug|Any CPU = Debug|Any CPU
		Release|Any CPU = Release|Any CPU
	EndGlobalSection
	GlobalSection(ProjectConfigurationPlatforms) = postSolution
		{620545C5-80C2-4070-872E-D33A1C4FA66B}.Debug|Any CPU.ActiveCfg = Debug|Any CPU
		{620545C5-80C2-4070-872E-D33A1C4FA66B}.Debug|Any CPU.Build.0 = Debug|Any CPU
		{620545C5-80C2-4070-872E-D33A1C4FA66B}.Release|Any CPU.ActiveCfg = Release|Any CPU
		{620545C5-80C2-4070-872E-D33A1C4FA66B}.Release|Any CPU.Build.0 = Release|Any CPU
	EndGlobalSection
	GlobalSection(SolutionProperties) = preSolution
		HideSolutionNode = FALSE
	EndGlobalSection
EndGlobal
